# THIS IS AN AUTOGENERATED FILE. DO NOT EDIT THIS FILE DIRECTLY.
# yarn lockfile v1


"@babel/runtime@^7.10.2", "@babel/runtime@^7.16.3", "@babel/runtime@^7.5.5", "@babel/runtime@^7.8.7":
  version "7.16.5"
  resolved "https://registry.yarnpkg.com/@babel/runtime/-/runtime-7.16.5.tgz#7f3e34bf8bdbbadf03fbb7b1ea0d929569c9487a"
  integrity sha512-TXWihFIS3Pyv5hzR7j6ihmeLkZfrXGxAr5UfSl8CHf+6q/wpiYDkUau0czckpYG8QmnCIuPpdLtuA9VmuGGyMA==
  dependencies:
    regenerator-runtime "^0.13.4"

"@dxos/crypto@2.19.3":
  version "2.19.3"
  resolved "https://registry.yarnpkg.com/@dxos/crypto/-/crypto-2.19.3.tgz#1aae130fcf3173bd61f3b64f0e9aca7b8d17557f"
  integrity sha512-C1hZPmIlWkH1KhwnQCY94ZdMC1152SijNM6ThjjfLF4CK1XmZkSsYGM3Y9NdF07JxW/M12NtcSFdu5LILUImXQ==
  dependencies:
    bip39 "^3.0.2"
    crypto-js "^3.1.9-1"
    hypercore-crypto "^2.3.0"

"@dxos/debug@2.19.3":
  version "2.19.3"
  resolved "https://registry.yarnpkg.com/@dxos/debug/-/debug-2.19.3.tgz#3f19929e0621f90a1b03d3545eb744982028d044"
  integrity sha512-RfSQ2OuQbIrXY5xMaFexy/F1ZZncnCN3bKq8OJnSwBiIGPD8k83emiTuQTgfuJA2eMQbgmFMH67fzR/jA4l1ag==
  dependencies:
    "@types/node" "^14.0.9"
    debug "^4.3.3"

"@dxos/react-components@^2.19.2":
  version "2.19.3"
  resolved "https://registry.yarnpkg.com/@dxos/react-components/-/react-components-2.19.3.tgz#2e1e4ab0c2989d3f1cfebb85ac0de90f0e273437"
  integrity sha512-vnO2D10xHmigNbja0QzPFsYGeGf91PGC/N4RQLvWmU4d8nAcC8cDRLVU3qGk/nr75ZkRzc+VXkst02fRX9/Z0Q==
  dependencies:
    "@dxos/crypto" "2.19.3"
    "@dxos/debug" "2.19.3"
    debug "^4.3.3"
    lodash.defaultsdeep "^4.6.1"
    lodash.isplainobject "^4.0.6"
    qrcode.react "~1.0.1"
    react-copy-to-clipboard "~5.0.3"
    react-json-view "~1.21.3"
    string-hash "~1.1.3"
    url-join "^4.0.1"

"@emotion/cache@^11.6.0":
  version "11.7.1"
  resolved "https://registry.yarnpkg.com/@emotion/cache/-/cache-11.7.1.tgz#08d080e396a42e0037848214e8aa7bf879065539"
  integrity sha512-r65Zy4Iljb8oyjtLeCuBH8Qjiy107dOYC6SJq7g7GV5UCQWMObY4SJDPGFjiiVpPrOJ2hmJOoBiYTC7hwx9E2A==
  dependencies:
    "@emotion/memoize" "^0.7.4"
    "@emotion/sheet" "^1.1.0"
    "@emotion/utils" "^1.0.0"
    "@emotion/weak-memoize" "^0.2.5"
    stylis "4.0.13"

"@emotion/is-prop-valid@^1.1.1":
  version "1.1.1"
  resolved "https://registry.yarnpkg.com/@emotion/is-prop-valid/-/is-prop-valid-1.1.1.tgz#cbd843d409dfaad90f9404e7c0404c55eae8c134"
  integrity sha512-bW1Tos67CZkOURLc0OalnfxtSXQJMrAMV0jZTVGJUPSOd4qgjF3+tTD5CwJM13PHA8cltGW1WGbbvV9NpvUZPw==
  dependencies:
    "@emotion/memoize" "^0.7.4"

"@emotion/memoize@^0.7.4":
  version "0.7.5"
  resolved "https://registry.yarnpkg.com/@emotion/memoize/-/memoize-0.7.5.tgz#2c40f81449a4e554e9fc6396910ed4843ec2be50"
  integrity sha512-igX9a37DR2ZPGYtV6suZ6whr8pTFtyHL3K/oLUotxpSVO2ASaprmAe2Dkq7tBo7CRY7MMDrAa9nuQP9/YG8FxQ==

"@emotion/sheet@^1.1.0":
  version "1.1.0"
  resolved "https://registry.yarnpkg.com/@emotion/sheet/-/sheet-1.1.0.tgz#56d99c41f0a1cda2726a05aa6a20afd4c63e58d2"
  integrity sha512-u0AX4aSo25sMAygCuQTzS+HsImZFuS8llY8O7b9MDRzbJM0kVJlAz6KNDqcG7pOuQZJmj/8X/rAW+66kMnMW+g==

"@emotion/utils@^1.0.0":
  version "1.0.0"
  resolved "https://registry.yarnpkg.com/@emotion/utils/-/utils-1.0.0.tgz#abe06a83160b10570816c913990245813a2fd6af"
  integrity sha512-mQC2b3XLDs6QCW+pDQDiyO/EdGZYOygE8s5N5rrzjSI4M3IejPE/JPndCBwRT9z982aqQNi6beWs1UeayrQxxA==

"@emotion/weak-memoize@^0.2.5":
  version "0.2.5"
  resolved "https://registry.yarnpkg.com/@emotion/weak-memoize/-/weak-memoize-0.2.5.tgz#8eed982e2ee6f7f4e44c253e12962980791efd46"
  integrity sha512-6U71C2Wp7r5XtFtQzYrW5iKFT67OixrSxjI4MptCHzdSVlgabczzqLe0ZSgnub/5Kp4hSbpDB1tMytZY9pwxxA==

"@mui/base@5.0.0-alpha.61":
  version "5.0.0-alpha.61"
  resolved "https://registry.yarnpkg.com/@mui/base/-/base-5.0.0-alpha.61.tgz#8b2a57aa87ca857a57ea6051ec924b0dbf03435d"
  integrity sha512-xB2EksQsLYOwmBQRDdcJjKAflgBYE9KBZS/TBxIKBlfi4w1v7kCi5VCHTHIQgPSjgoTSt3hyI+yHO2fLvCbUWQ==
  dependencies:
    "@babel/runtime" "^7.16.3"
    "@emotion/is-prop-valid" "^1.1.1"
    "@mui/utils" "^5.2.3"
    "@popperjs/core" "^2.4.4"
    clsx "^1.1.1"
    prop-types "^15.7.2"
    react-is "^17.0.2"

"@mui/material@^5.0.1":
  version "5.2.5"
  resolved "https://registry.yarnpkg.com/@mui/material/-/material-5.2.5.tgz#0e3fb756964798d261cf3473a25e50bd0ae669cb"
  integrity sha512-I0A5IgZlJVyVe9PUrXXuknAbdgij2wVynC2/iyBvoMwc79PoksUZTY4qKPfoy0gDyMRlexRGxZ68XpX5pleMgQ==
  dependencies:
    "@babel/runtime" "^7.16.3"
    "@mui/base" "5.0.0-alpha.61"
    "@mui/system" "^5.2.5"
    "@mui/types" "^7.1.0"
    "@mui/utils" "^5.2.3"
    "@types/react-transition-group" "^4.4.4"
    clsx "^1.1.1"
    csstype "^3.0.10"
    hoist-non-react-statics "^3.3.2"
    prop-types "^15.7.2"
    react-is "^17.0.2"
    react-transition-group "^4.4.2"

"@mui/private-theming@^5.2.3":
  version "5.2.3"
  resolved "https://registry.yarnpkg.com/@mui/private-theming/-/private-theming-5.2.3.tgz#6d4e7d8309adc932b444fdd091caec339c430be4"
  integrity sha512-Lc1Cmu8lSsYZiXADi9PBb17Ho82ZbseHQujUFAcp6bCJ5x/d+87JYCIpCBMagPu/isRlFCwbziuXPmz7WOzJPQ==
  dependencies:
    "@babel/runtime" "^7.16.3"
    "@mui/utils" "^5.2.3"
    prop-types "^15.7.2"

"@mui/styled-engine@^5.2.5":
  version "5.2.5"
  resolved "https://registry.yarnpkg.com/@mui/styled-engine/-/styled-engine-5.2.5.tgz#f08cd22d51ff58ecfd3ea0b5a3bbab156ded31c4"
  integrity sha512-vNEB2SXCetXKLeMZ49SZLWeiX8uQeLI/jk/dzqnYdGJx8Eq98hCfTucDfJwt2RUhSYGH/3BET2pZqT3w8aOTzQ==
  dependencies:
    "@babel/runtime" "^7.16.3"
    "@emotion/cache" "^11.6.0"
    prop-types "^15.7.2"

"@mui/system@^5.2.5":
  version "5.2.5"
  resolved "https://registry.yarnpkg.com/@mui/system/-/system-5.2.5.tgz#d6ebbe4dc1751e4e29a17bbe4168b1f336618586"
  integrity sha512-UHKsEZCZa0wuR9w8EXRmDVolHjjFBWinMhSmaRuR6nbmxVMUq7AhF5N0+Aw4IhFSehwfpVpf8FOlZDfg9QnGBA==
  dependencies:
    "@babel/runtime" "^7.16.3"
    "@mui/private-theming" "^5.2.3"
    "@mui/styled-engine" "^5.2.5"
    "@mui/types" "^7.1.0"
    "@mui/utils" "^5.2.3"
    clsx "^1.1.1"
    csstype "^3.0.10"
    prop-types "^15.7.2"

"@mui/types@^7.1.0":
  version "7.1.0"
  resolved "https://registry.yarnpkg.com/@mui/types/-/types-7.1.0.tgz#5ed928c5a41cfbf9a4be82ea3bbdc47bcc9610d5"
  integrity sha512-Hh7ALdq/GjfIwLvqH3XftuY3bcKhupktTm+S6qRIDGOtPtRuq2L21VWzOK4p7kblirK0XgGVH5BLwa6u8z/6QQ==

"@mui/utils@^5.2.3":
  version "5.2.3"
  resolved "https://registry.yarnpkg.com/@mui/utils/-/utils-5.2.3.tgz#994f3a500679804483732596fcfa531e59c56445"
  integrity sha512-sQujlajIS0zQKcGIS6tZR0L1R+ib26B6UtuEn+cZqwKHsPo3feuS+SkdscYBdcCdMbrZs4gj8WIJHl2z6tbSzQ==
  dependencies:
    "@babel/runtime" "^7.16.3"
    "@types/prop-types" "^15.7.4"
    "@types/react-is" "^16.7.1 || ^17.0.0"
    prop-types "^15.7.2"
    react-is "^17.0.2"

"@popperjs/core@^2.4.4":
  version "2.11.0"
  resolved "https://registry.yarnpkg.com/@popperjs/core/-/core-2.11.0.tgz#6734f8ebc106a0860dff7f92bf90df193f0935d7"
  integrity sha512-zrsUxjLOKAzdewIDRWy9nsV1GQsKBCWaGwsZQlCgr6/q+vjyZhFgqedLfFBuI9anTPEUT4APq9Mu0SZBTzIcGQ==

"@types/node@11.11.6":
  version "11.11.6"
  resolved "https://registry.yarnpkg.com/@types/node/-/node-11.11.6.tgz#df929d1bb2eee5afdda598a41930fe50b43eaa6a"
  integrity sha512-Exw4yUWMBXM3X+8oqzJNRqZSwUAaS4+7NdvHqQuFi/d+synz++xmX3QIf+BFqneW8N31R8Ky+sikfZUXq07ggQ==

"@types/node@^14.0.9":
  version "14.18.2"
  resolved "https://registry.yarnpkg.com/@types/node/-/node-14.18.2.tgz#00fe4d1686d5f6cf3a2f2e9a0eef42594d06abfc"
  integrity sha512-fqtSN5xn/bBzDxMT77C1rJg6CsH/R49E7qsGuvdPJa20HtV5zSTuLJPNfnlyVH3wauKnkHdLggTVkOW/xP9oQg==

"@types/prop-types@*", "@types/prop-types@^15.7.4":
  version "15.7.4"
  resolved "https://registry.yarnpkg.com/@types/prop-types/-/prop-types-15.7.4.tgz#fcf7205c25dff795ee79af1e30da2c9790808f11"
  integrity sha512-rZ5drC/jWjrArrS8BR6SIr4cWpW09RNTYt9AMZo3Jwwif+iacXAqgVjm0B0Bv/S1jhDXKHqRVNCbACkJ89RAnQ==

"@types/react-is@^16.7.1 || ^17.0.0":
  version "17.0.3"
  resolved "https://registry.yarnpkg.com/@types/react-is/-/react-is-17.0.3.tgz#2d855ba575f2fc8d17ef9861f084acc4b90a137a"
  integrity sha512-aBTIWg1emtu95bLTLx0cpkxwGW3ueZv71nE2YFBpL8k/z5czEW8yYpOo8Dp+UUAFAtKwNaOsh/ioSeQnWlZcfw==
  dependencies:
    "@types/react" "*"

"@types/react-transition-group@^4.4.4":
  version "4.4.4"
  resolved "https://registry.yarnpkg.com/@types/react-transition-group/-/react-transition-group-4.4.4.tgz#acd4cceaa2be6b757db61ed7b432e103242d163e"
  integrity sha512-7gAPz7anVK5xzbeQW9wFBDg7G++aPLAFY0QaSMOou9rJZpbuI58WAuJrgu+qR92l61grlnCUe7AFX8KGahAgug==
  dependencies:
    "@types/react" "*"

"@types/react@*":
  version "17.0.37"
  resolved "https://registry.yarnpkg.com/@types/react/-/react-17.0.37.tgz#6884d0aa402605935c397ae689deed115caad959"
  integrity sha512-2FS1oTqBGcH/s0E+CjrCCR9+JMpsu9b69RTFO+40ua43ZqP5MmQ4iUde/dMjWR909KxZwmOQIFq6AV6NjEG5xg==
  dependencies:
    "@types/prop-types" "*"
    "@types/scheduler" "*"
    csstype "^3.0.2"

"@types/scheduler@*":
  version "0.16.2"
  resolved "https://registry.yarnpkg.com/@types/scheduler/-/scheduler-0.16.2.tgz#1a62f89525723dde24ba1b01b092bf5df8ad4d39"
  integrity sha512-hppQEBDmlwhFAXKJX2KnWLYu5yMfi91yazPb2l+lbJiwW+wdo1gNeRA+3RgNSO39WYX2euey41KEwnqesU2Jew==

asap@~2.0.3:
  version "2.0.6"
  resolved "https://registry.yarnpkg.com/asap/-/asap-2.0.6.tgz#e50347611d7e690943208bbdafebcbc2fb866d46"
  integrity sha1-5QNHYR1+aQlDIIu9r+vLwvuGbUY=

b4a@^1.0.1:
  version "1.3.1"
  resolved "https://registry.yarnpkg.com/b4a/-/b4a-1.3.1.tgz#5ead1402bd4a2dcfea35cc83928815d53315ff32"
  integrity sha512-ULHjbJGjZcdA5bugDNAAcMA6GWXX/9N10I6AQc14TH+Sr7bMfT+NHuJnOFGPJWLtzYa6Tz+PnFD2D/1bISLLZQ==

base16@^1.0.0:
  version "1.0.0"
  resolved "https://registry.yarnpkg.com/base16/-/base16-1.0.0.tgz#e297f60d7ec1014a7a971a39ebc8a98c0b681e70"
  integrity sha1-4pf2DX7BAUp6lxo568ipjAtoHnA=

bip39@^3.0.2:
  version "3.0.4"
  resolved "https://registry.yarnpkg.com/bip39/-/bip39-3.0.4.tgz#5b11fed966840b5e1b8539f0f54ab6392969b2a0"
  integrity sha512-YZKQlb752TrUWqHWj7XAwCSjYEgGAk+/Aas3V7NyjQeZYsztO8JnQUaCWhcnL4T+jL8nvB8typ2jRPzTlgugNw==
  dependencies:
    "@types/node" "11.11.6"
    create-hash "^1.1.0"
    pbkdf2 "^3.0.9"
    randombytes "^2.0.1"

blake2b-wasm@^2.4.0:
  version "2.4.0"
  resolved "https://registry.yarnpkg.com/blake2b-wasm/-/blake2b-wasm-2.4.0.tgz#9115649111edbbd87eb24ce7c04b427e4e2be5be"
  integrity sha512-S1kwmW2ZhZFFFOghcx73+ZajEfKBqhP82JMssxtLVMxlaPea1p9uoLiUZ5WYyHn0KddwbLc+0vh4wR0KBNoT5w==
  dependencies:
    b4a "^1.0.1"
    nanoassert "^2.0.0"

blake2b@^2.1.1:
  version "2.1.4"
  resolved "https://registry.yarnpkg.com/blake2b/-/blake2b-2.1.4.tgz#817d278526ddb4cd673bfb1af16d1ad61e393ba3"
  integrity sha512-AyBuuJNI64gIvwx13qiICz6H6hpmjvYS5DGkG6jbXMOT8Z3WUJ3V1X0FlhIoT1b/5JtHE3ki+xjtMvu1nn+t9A==
  dependencies:
    blake2b-wasm "^2.4.0"
    nanoassert "^2.0.0"

chacha20-universal@^1.0.4:
  version "1.0.4"
  resolved "https://registry.yarnpkg.com/chacha20-universal/-/chacha20-universal-1.0.4.tgz#e8a33a386500b1ce5361b811ec5e81f1797883f5"
  integrity sha512-/IOxdWWNa7nRabfe7+oF+jVkGjlr2xUL4J8l/OvzZhj+c9RpMqoo3Dq+5nU1j/BflRV4BKnaQ4+4oH1yBpQG1Q==
  dependencies:
    nanoassert "^2.0.0"

cipher-base@^1.0.1, cipher-base@^1.0.3:
  version "1.0.4"
  resolved "https://registry.yarnpkg.com/cipher-base/-/cipher-base-1.0.4.tgz#8760e4ecc272f4c363532f926d874aae2c1397de"
  integrity sha512-Kkht5ye6ZGmwv40uUDZztayT2ThLQGfnj/T71N/XzeZeo3nf8foyW7zGTsPYkEya3m5f3cAypH+qe7YOrM1U2Q==
  dependencies:
    inherits "^2.0.1"
    safe-buffer "^5.0.1"

clsx@^1.1.1:
  version "1.1.1"
  resolved "https://registry.yarnpkg.com/clsx/-/clsx-1.1.1.tgz#98b3134f9abbdf23b2663491ace13c5c03a73188"
  integrity sha512-6/bPho624p3S2pMyvP5kKBPXnI3ufHLObBFCfgx+LkeR5lg2XYy2hqZqUf45ypD8COn2bhgGJSUE+l5dhNBieA==

copy-to-clipboard@^3:
  version "3.3.1"
  resolved "https://registry.yarnpkg.com/copy-to-clipboard/-/copy-to-clipboard-3.3.1.tgz#115aa1a9998ffab6196f93076ad6da3b913662ae"
  integrity sha512-i13qo6kIHTTpCm8/Wup+0b1mVWETvu2kIMzKoK8FpkLkFxlt0znUAHcMzox+T8sPlqtZXq3CulEjQHsYiGFJUw==
  dependencies:
    toggle-selection "^1.0.6"

create-hash@^1.1.0, create-hash@^1.1.2:
  version "1.2.0"
  resolved "https://registry.yarnpkg.com/create-hash/-/create-hash-1.2.0.tgz#889078af11a63756bcfb59bd221996be3a9ef196"
  integrity sha512-z00bCGNHDG8mHAkP7CtT1qVu+bFQUPjYq/4Iv3C3kWjTFV10zIjfSoeqXo9Asws8gwSHDGj/hl2u4OGIjapeCg==
  dependencies:
    cipher-base "^1.0.1"
    inherits "^2.0.1"
    md5.js "^1.3.4"
    ripemd160 "^2.0.1"
    sha.js "^2.4.0"

create-hmac@^1.1.4:
  version "1.1.7"
  resolved "https://registry.yarnpkg.com/create-hmac/-/create-hmac-1.1.7.tgz#69170c78b3ab957147b2b8b04572e47ead2243ff"
  integrity sha512-MJG9liiZ+ogc4TzUwuvbER1JRdgvUFSB5+VR/g5h82fGaIRWMWddtKBHi7/sVhfjQZ6SehlyhvQYrcYkaUIpLg==
  dependencies:
    cipher-base "^1.0.3"
    create-hash "^1.1.0"
    inherits "^2.0.1"
    ripemd160 "^2.0.0"
    safe-buffer "^5.0.1"
    sha.js "^2.4.8"

cross-fetch@^3.0.4:
  version "3.1.4"
  resolved "https://registry.yarnpkg.com/cross-fetch/-/cross-fetch-3.1.4.tgz#9723f3a3a247bf8b89039f3a380a9244e8fa2f39"
  integrity sha512-1eAtFWdIubi6T4XPy6ei9iUFoKpUkIF971QLN8lIvvvwueI65+Nw5haMNKUwfJxabqlIIDODJKGrQ66gxC0PbQ==
  dependencies:
    node-fetch "2.6.1"

crypto-js@^3.1.9-1:
  version "3.3.0"
  resolved "https://registry.yarnpkg.com/crypto-js/-/crypto-js-3.3.0.tgz#846dd1cce2f68aacfa156c8578f926a609b7976b"
  integrity sha512-DIT51nX0dCfKltpRiXV+/TVZq+Qq2NgF4644+K7Ttnla7zEzqc+kjJyiB96BHNyUTBxyjzRcZYpUdZa+QAqi6Q==

csstype@^3.0.10, csstype@^3.0.2:
  version "3.0.10"
  resolved "https://registry.yarnpkg.com/csstype/-/csstype-3.0.10.tgz#2ad3a7bed70f35b965707c092e5f30b327c290e5"
  integrity sha512-2u44ZG2OcNUO9HDp/Jl8C07x6pU/eTR3ncV91SiK3dhG9TWvRVsCoJw14Ckx5DgWkzGA3waZWO3d7pgqpUI/XA==

debug@^4.3.3:
  version "4.3.3"
  resolved "https://registry.yarnpkg.com/debug/-/debug-4.3.3.tgz#04266e0b70a98d4462e6e288e38259213332b664"
  integrity sha512-/zxw5+vh1Tfv+4Qn7a5nsbcJKPaSvCDhojn6FEl9vupwK2VCSDtEiEtqr8DFtzYFOdz63LBkxec7DYuc2jon6Q==
  dependencies:
    ms "2.1.2"

dom-helpers@^5.0.1:
  version "5.2.1"
  resolved "https://registry.yarnpkg.com/dom-helpers/-/dom-helpers-5.2.1.tgz#d9400536b2bf8225ad98fe052e029451ac40e902"
  integrity sha512-nRCa7CK3VTrM2NmGkIy4cbK7IZlgBE/PYMn55rrXefr5xXDP0LdtfPnblFDoVdcAfslJ7or6iqAUnx0CCGIWQA==
  dependencies:
    "@babel/runtime" "^7.8.7"
    csstype "^3.0.2"

fbemitter@^3.0.0:
  version "3.0.0"
  resolved "https://registry.yarnpkg.com/fbemitter/-/fbemitter-3.0.0.tgz#00b2a1af5411254aab416cd75f9e6289bee4bff3"
  integrity sha512-KWKaceCwKQU0+HPoop6gn4eOHk50bBv/VxjJtGMfwmJt3D29JpN4H4eisCtIPA+a8GVBam+ldMMpMjJUvpDyHw==
  dependencies:
    fbjs "^3.0.0"

fbjs-css-vars@^1.0.0:
  version "1.0.2"
  resolved "https://registry.yarnpkg.com/fbjs-css-vars/-/fbjs-css-vars-1.0.2.tgz#216551136ae02fe255932c3ec8775f18e2c078b8"
  integrity sha512-b2XGFAFdWZWg0phtAWLHCk836A1Xann+I+Dgd3Gk64MHKZO44FfoD1KxyvbSh0qZsIoXQGGlVztIY+oitJPpRQ==

fbjs@^3.0.0, fbjs@^3.0.1:
  version "3.0.2"
  resolved "https://registry.yarnpkg.com/fbjs/-/fbjs-3.0.2.tgz#dfae08a85c66a58372993ce2caf30863f569ff94"
  integrity sha512-qv+boqYndjElAJHNN3NoM8XuwQZ1j2m3kEvTgdle8IDjr6oUbkEpvABWtj/rQl3vq4ew7dnElBxL4YJAwTVqQQ==
  dependencies:
    cross-fetch "^3.0.4"
    fbjs-css-vars "^1.0.0"
    loose-envify "^1.0.0"
    object-assign "^4.1.0"
    promise "^7.1.1"
    setimmediate "^1.0.5"
    ua-parser-js "^0.7.30"

flux@^4.0.1:
  version "4.0.3"
  resolved "https://registry.yarnpkg.com/flux/-/flux-4.0.3.tgz#573b504a24982c4768fdfb59d8d2ea5637d72ee7"
  integrity sha512-yKAbrp7JhZhj6uiT1FTuVMlIAT1J4jqEyBpFApi1kxpGZCvacMVc/t1pMQyotqHhAgvoE3bNvAykhCo2CLjnYw==
  dependencies:
    fbemitter "^3.0.0"
    fbjs "^3.0.1"

function-bind@^1.1.1:
  version "1.1.1"
  resolved "https://registry.yarnpkg.com/function-bind/-/function-bind-1.1.1.tgz#a56899d3ea3c9bab874bb9773b7c5ede92f4895d"
  integrity sha512-yIovAzMX49sF8Yl58fSCWJ5svSLuaibPxXQJFLmBObTuCr0Mf1KiPopGM9NiFjiYBCbfaa2Fh6breQ6ANVTI0A==

has@^1.0.3:
  version "1.0.3"
  resolved "https://registry.yarnpkg.com/has/-/has-1.0.3.tgz#722d7cbfc1f6aa8241f16dd814e011e1f41e8796"
  integrity sha512-f2dvO0VU6Oej7RkWJGrehjbzMAjFp5/VKPp5tTpWIV4JHHZK1/BxbFRtf/siA2SWTe09caDmVtYYzWEIbBS4zw==
  dependencies:
    function-bind "^1.1.1"

hash-base@^3.0.0:
  version "3.1.0"
  resolved "https://registry.yarnpkg.com/hash-base/-/hash-base-3.1.0.tgz#55c381d9e06e1d2997a883b4a3fddfe7f0d3af33"
  integrity sha512-1nmYp/rhMDiE7AYkDw+lLwlAzz0AntGIe51F3RfFfEqyQ3feY2eI/NcwC6umIQVOASPMsWJLJScWKSSvzL9IVA==
  dependencies:
    inherits "^2.0.4"
    readable-stream "^3.6.0"
    safe-buffer "^5.2.0"

hoist-non-react-statics@^3.3.2:
  version "3.3.2"
  resolved "https://registry.yarnpkg.com/hoist-non-react-statics/-/hoist-non-react-statics-3.3.2.tgz#ece0acaf71d62c2969c2ec59feff42a4b1a85b45"
  integrity sha512-/gGivxi8JPKWNm/W0jSmzcMPpfpPLc3dY/6GxhX2hQ9iGj3aDfklV4ET7NjKpSinLpJ5vafa9iiGIEZg10SfBw==
  dependencies:
    react-is "^16.7.0"

hypercore-crypto@^2.3.0:
  version "2.3.2"
  resolved "https://registry.yarnpkg.com/hypercore-crypto/-/hypercore-crypto-2.3.2.tgz#a1b890e724fcafaddea2264d46baa6a059de5b96"
  integrity sha512-GzHgVOfr5utdiJG5QNcQZ0oo+/YQNbekpg429x00YpUobBraX2qEL3E+iH/EFEIdCQSiGHfToWyYw+OpznSjww==
  dependencies:
    sodium-universal "^3.0.0"
    uint64be "^3.0.0"

inherits@^2.0.1, inherits@^2.0.3, inherits@^2.0.4:
  version "2.0.4"
  resolved "https://registry.yarnpkg.com/inherits/-/inherits-2.0.4.tgz#0fa2c64f932917c3433a0ded55363aae37416b7c"
  integrity sha512-k/vGaX4/Yla3WzyMCvTQOXYeIHvqOKtnqBduzTHpzpQZzAskKMhZ2K+EnBiSM9zGSoIFeMpXKxa4dYeZIQqewQ==

is-core-module@^2.2.0:
  version "2.8.0"
  resolved "https://registry.yarnpkg.com/is-core-module/-/is-core-module-2.8.0.tgz#0321336c3d0925e497fd97f5d95cb114a5ccd548"
  integrity sha512-vd15qHsaqrRL7dtH6QNuy0ndJmRDrS9HAM1CAiSifNUFv4x1a0CCVsj18hJ1mShxIG6T2i1sO78MkP56r0nYRw==
  dependencies:
    has "^1.0.3"

"js-tokens@^3.0.0 || ^4.0.0":
  version "4.0.0"
  resolved "https://registry.yarnpkg.com/js-tokens/-/js-tokens-4.0.0.tgz#19203fb59991df98e3a287050d4647cdeaf32499"
  integrity sha512-RdJUflcE3cUzKiMqQgsCu06FPu9UdIJO0beYbPhHN4k6apgJtifcoCtT9bcxOpYBtpD2kCM6Sbzg4CausW/PKQ==

lodash.curry@^4.0.1:
  version "4.1.1"
  resolved "https://registry.yarnpkg.com/lodash.curry/-/lodash.curry-4.1.1.tgz#248e36072ede906501d75966200a86dab8b23170"
  integrity sha1-JI42By7ekGUB11lmIAqG2riyMXA=

lodash.defaultsdeep@^4.6.1:
  version "4.6.1"
  resolved "https://registry.yarnpkg.com/lodash.defaultsdeep/-/lodash.defaultsdeep-4.6.1.tgz#512e9bd721d272d94e3d3a63653fa17516741ca6"
  integrity sha512-3j8wdDzYuWO3lM3Reg03MuQR957t287Rpcxp1njpEa8oDrikb+FwGdW3n+FELh/A6qib6yPit0j/pv9G/yeAqA==

lodash.flow@^3.3.0:
  version "3.5.0"
  resolved "https://registry.yarnpkg.com/lodash.flow/-/lodash.flow-3.5.0.tgz#87bf40292b8cf83e4e8ce1a3ae4209e20071675a"
  integrity sha1-h79AKSuM+D5OjOGjrkIJ4gBxZ1o=

lodash.isplainobject@^4.0.6:
  version "4.0.6"
  resolved "https://registry.yarnpkg.com/lodash.isplainobject/-/lodash.isplainobject-4.0.6.tgz#7c526a52d89b45c45cc690b88163be0497f550cb"
  integrity sha1-fFJqUtibRcRcxpC4gWO+BJf1UMs=

loose-envify@^1.0.0, loose-envify@^1.4.0:
  version "1.4.0"
  resolved "https://registry.yarnpkg.com/loose-envify/-/loose-envify-1.4.0.tgz#71ee51fa7be4caec1a63839f7e682d8132d30caf"
  integrity sha512-lyuxPGr/Wfhrlem2CL/UcnUc1zcqKAImBDzukY7Y5F/yQiNdko6+fRLevlw1HgMySw7f611UIY408EtxRSoK3Q==
  dependencies:
    js-tokens "^3.0.0 || ^4.0.0"

md5.js@^1.3.4:
  version "1.3.5"
  resolved "https://registry.yarnpkg.com/md5.js/-/md5.js-1.3.5.tgz#b5d07b8e3216e3e27cd728d72f70d1e6a342005f"
  integrity sha512-xitP+WxNPcTTOgnTJcrhM0xvdPepipPSf3I8EIpGKeFLjt3PlJLIDG3u8EX53ZIubkb+5U2+3rELYpEhHhzdkg==
  dependencies:
    hash-base "^3.0.0"
    inherits "^2.0.1"
    safe-buffer "^5.1.2"

ms@2.1.2:
  version "2.1.2"
  resolved "https://registry.yarnpkg.com/ms/-/ms-2.1.2.tgz#d09d1f357b443f493382a8eb3ccd183872ae6009"
  integrity sha512-sGkPx+VjMtmA6MX27oA4FBFELFCZZ4S4XqeGOXCv68tT+jb3vk/RyaKWP0PTKyWtmLSM0b+adUTEvbs1PEaH2w==

nanoassert@^2.0.0:
  version "2.0.0"
  resolved "https://registry.yarnpkg.com/nanoassert/-/nanoassert-2.0.0.tgz#a05f86de6c7a51618038a620f88878ed1e490c09"
  integrity sha512-7vO7n28+aYO4J+8w96AzhmU8G+Y/xpPDJz/se19ICsqj/momRbb9mh9ZUtkoJ5X3nTnPdhEJyc0qnM6yAsHBaA==

node-fetch@2.6.1:
  version "2.6.1"
  resolved "https://registry.yarnpkg.com/node-fetch/-/node-fetch-2.6.1.tgz#045bd323631f76ed2e2b55573394416b639a0052"
  integrity sha512-V4aYg89jEoVRxRb2fJdAg8FHvI7cEyYdVAh94HH0UIK8oJxUfkjlDQN9RbMx+bEjP7+ggMiFRprSti032Oipxw==

node-gyp-build@^4.3.0:
  version "4.3.0"
  resolved "https://registry.yarnpkg.com/node-gyp-build/-/node-gyp-build-4.3.0.tgz#9f256b03e5826150be39c764bf51e993946d71a3"
  integrity sha512-iWjXZvmboq0ja1pUGULQBexmxq8CV4xBhX7VDOTbL7ZR4FOowwY/VOtRxBN/yKxmdGoIp4j5ysNT4u3S2pDQ3Q==

object-assign@^4.1.0, object-assign@^4.1.1:
  version "4.1.1"
  resolved "https://registry.yarnpkg.com/object-assign/-/object-assign-4.1.1.tgz#2109adc7965887cfc05cbbd442cac8bfbb360863"
  integrity sha1-IQmtx5ZYh8/AXLvUQsrIv7s2CGM=

path-parse@^1.0.6:
  version "1.0.7"
  resolved "https://registry.yarnpkg.com/path-parse/-/path-parse-1.0.7.tgz#fbc114b60ca42b30d9daf5858e4bd68bbedb6735"
  integrity sha512-LDJzPVEEEPR+y48z93A0Ed0yXb8pAByGWo/k5YYdYgpY2/2EsOsksJrq7lOHxryrVOn1ejG6oAp8ahvOIQD8sw==

pbkdf2@^3.0.9:
  version "3.1.2"
  resolved "https://registry.yarnpkg.com/pbkdf2/-/pbkdf2-3.1.2.tgz#dd822aa0887580e52f1a039dc3eda108efae3075"
  integrity sha512-iuh7L6jA7JEGu2WxDwtQP1ddOpaJNC4KlDEFfdQajSGgGPNi4OyDc2R7QnbY2bR9QjBVGwgvTdNJZoE7RaxUMA==
  dependencies:
    create-hash "^1.1.2"
    create-hmac "^1.1.4"
    ripemd160 "^2.0.1"
    safe-buffer "^5.0.1"
    sha.js "^2.4.8"

promise@^7.1.1:
  version "7.3.1"
  resolved "https://registry.yarnpkg.com/promise/-/promise-7.3.1.tgz#064b72602b18f90f29192b8b1bc418ffd1ebd3bf"
  integrity sha512-nolQXZ/4L+bP/UGlkfaIujX9BKxGwmQ9OT4mOt5yvy8iK1h3wqTEJCijzGANTCCl9nWjY41juyAn2K3Q1hLLTg==
  dependencies:
    asap "~2.0.3"

prop-types@^15.5.8, prop-types@^15.6.0, prop-types@^15.6.2, prop-types@^15.7.2:
  version "15.7.2"
  resolved "https://registry.yarnpkg.com/prop-types/-/prop-types-15.7.2.tgz#52c41e75b8c87e72b9d9360e0206b99dcbffa6c5"
  integrity sha512-8QQikdH7//R2vurIJSutZ1smHYTcLpRWEOlHnzcWHmBYrOGUysKwSsrC89BCiFj3CbrfJ/nXFdJepOVrY1GCHQ==
  dependencies:
    loose-envify "^1.4.0"
    object-assign "^4.1.1"
    react-is "^16.8.1"

pure-color@^1.2.0:
  version "1.3.0"
  resolved "https://registry.yarnpkg.com/pure-color/-/pure-color-1.3.0.tgz#1fe064fb0ac851f0de61320a8bf796836422f33e"
  integrity sha1-H+Bk+wrIUfDeYTIKi/eWg2Qi8z4=

qr.js@0.0.0:
  version "0.0.0"
  resolved "https://registry.yarnpkg.com/qr.js/-/qr.js-0.0.0.tgz#cace86386f59a0db8050fa90d9b6b0e88a1e364f"
  integrity sha1-ys6GOG9ZoNuAUPqQ2baw6IoeNk8=

qrcode.react@~1.0.1:
  version "1.0.1"
  resolved "https://registry.yarnpkg.com/qrcode.react/-/qrcode.react-1.0.1.tgz#2834bb50e5e275ffe5af6906eff15391fe9e38a5"
  integrity sha512-8d3Tackk8IRLXTo67Y+c1rpaiXjoz/Dd2HpcMdW//62/x8J1Nbho14Kh8x974t9prsLHN6XqVgcnRiBGFptQmg==
  dependencies:
    loose-envify "^1.4.0"
    prop-types "^15.6.0"
    qr.js "0.0.0"

randombytes@^2.0.1:
  version "2.1.0"
  resolved "https://registry.yarnpkg.com/randombytes/-/randombytes-2.1.0.tgz#df6f84372f0270dc65cdf6291349ab7a473d4f2a"
  integrity sha512-vYl3iOX+4CKUWuxGi9Ukhie6fsqXqS9FE2Zaic4tNFD2N2QQaXOMFbuKK4QmDHC0JO6B1Zp41J0LpT0oR68amQ==
  dependencies:
    safe-buffer "^5.1.0"

react-base16-styling@^0.6.0:
  version "0.6.0"
  resolved "https://registry.yarnpkg.com/react-base16-styling/-/react-base16-styling-0.6.0.tgz#ef2156d66cf4139695c8a167886cb69ea660792c"
  integrity sha1-7yFW1mz0E5aVyKFniGy2nqZgeSw=
  dependencies:
    base16 "^1.0.0"
    lodash.curry "^4.0.1"
    lodash.flow "^3.3.0"
    pure-color "^1.2.0"

react-copy-to-clipboard@~5.0.3:
  version "5.0.4"
  resolved "https://registry.yarnpkg.com/react-copy-to-clipboard/-/react-copy-to-clipboard-5.0.4.tgz#42ec519b03eb9413b118af92d1780c403a5f19bf"
  integrity sha512-IeVAiNVKjSPeGax/Gmkqfa/+PuMTBhutEvFUaMQLwE2tS0EXrAdgOpWDX26bWTXF3HrioorR7lr08NqeYUWQCQ==
  dependencies:
    copy-to-clipboard "^3"
    prop-types "^15.5.8"

react-is@^16.7.0, react-is@^16.8.1:
  version "16.13.1"
  resolved "https://registry.yarnpkg.com/react-is/-/react-is-16.13.1.tgz#789729a4dc36de2999dc156dd6c1d9c18cea56a4"
  integrity sha512-24e6ynE2H+OKt4kqsOvNd8kBpV65zoxbA4BVsEOB3ARVWQki/DHzaUoC5KuON/BiccDaCCTZBuOcfZs70kR8bQ==

react-is@^17.0.2:
  version "17.0.2"
  resolved "https://registry.yarnpkg.com/react-is/-/react-is-17.0.2.tgz#e691d4a8e9c789365655539ab372762b0efb54f0"
  integrity sha512-w2GsyukL62IJnlaff/nRegPQR94C/XXamvMWmSHRJ4y7Ts/4ocGRmTHvOs8PSE6pB3dWOrD/nueuU5sduBsQ4w==

react-json-view@~1.21.3:
  version "1.21.3"
  resolved "https://registry.yarnpkg.com/react-json-view/-/react-json-view-1.21.3.tgz#f184209ee8f1bf374fb0c41b0813cff54549c475"
  integrity sha512-13p8IREj9/x/Ye4WI/JpjhoIwuzEgUAtgJZNBJckfzJt1qyh24BdTm6UQNGnyTq9dapQdrqvquZTo3dz1X6Cjw==
  dependencies:
    flux "^4.0.1"
    react-base16-styling "^0.6.0"
    react-lifecycles-compat "^3.0.4"
    react-textarea-autosize "^8.3.2"

react-lifecycles-compat@^3.0.4:
  version "3.0.4"
  resolved "https://registry.yarnpkg.com/react-lifecycles-compat/-/react-lifecycles-compat-3.0.4.tgz#4f1a273afdfc8f3488a8c516bfda78f872352362"
  integrity sha512-fBASbA6LnOU9dOU2eW7aQ8xmYBSXUIWr+UmF9b1efZBazGNO+rcXT/icdKnYm2pTwcRylVUYwW7H1PHfLekVzA==

react-textarea-autosize@^8.3.2:
  version "8.3.3"
  resolved "https://registry.yarnpkg.com/react-textarea-autosize/-/react-textarea-autosize-8.3.3.tgz#f70913945369da453fd554c168f6baacd1fa04d8"
  integrity sha512-2XlHXK2TDxS6vbQaoPbMOfQ8GK7+irc2fVK6QFIcC8GOnH3zI/v481n+j1L0WaPVvKxwesnY93fEfH++sus2rQ==
  dependencies:
    "@babel/runtime" "^7.10.2"
    use-composed-ref "^1.0.0"
    use-latest "^1.0.0"

react-transition-group@^4.4.2:
  version "4.4.2"
  resolved "https://registry.yarnpkg.com/react-transition-group/-/react-transition-group-4.4.2.tgz#8b59a56f09ced7b55cbd53c36768b922890d5470"
  integrity sha512-/RNYfRAMlZwDSr6z4zNKV6xu53/e2BuaBbGhbyYIXTrmgu/bGHzmqOs7mJSJBHy9Ud+ApHx3QjrkKSp1pxvlFg==
  dependencies:
    "@babel/runtime" "^7.5.5"
    dom-helpers "^5.0.1"
    loose-envify "^1.4.0"
    prop-types "^15.6.2"

readable-stream@^3.6.0:
  version "3.6.0"
  resolved "https://registry.yarnpkg.com/readable-stream/-/readable-stream-3.6.0.tgz#337bbda3adc0706bd3e024426a286d4b4b2c9198"
  integrity sha512-BViHy7LKeTz4oNnkcLJ+lVSL6vpiFeX6/d3oSH8zCW7UxP2onchk+vTGB143xuFjHS3deTgkKoXXymXqymiIdA==
  dependencies:
    inherits "^2.0.3"
    string_decoder "^1.1.1"
    util-deprecate "^1.0.1"

regenerator-runtime@^0.13.4:
  version "0.13.9"
  resolved "https://registry.yarnpkg.com/regenerator-runtime/-/regenerator-runtime-0.13.9.tgz#8925742a98ffd90814988d7566ad30ca3b263b52"
  integrity sha512-p3VT+cOEgxFsRRA9X4lkI1E+k2/CtnKtU4gcxyaCUreilL/vqI6CdZ3wxVUx3UOUg+gnUOQQcRI7BmSI656MYA==

resolve@^1.17.0:
  version "1.20.0"
  resolved "https://registry.yarnpkg.com/resolve/-/resolve-1.20.0.tgz#629a013fb3f70755d6f0b7935cc1c2c5378b1975"
  integrity sha512-wENBPt4ySzg4ybFQW2TT1zMQucPK95HSh/nq2CFTZVOGut2+pQvSsgtda4d26YrYcr067wjbmzOG8byDPBX63A==
  dependencies:
    is-core-module "^2.2.0"
    path-parse "^1.0.6"

ripemd160@^2.0.0, ripemd160@^2.0.1:
  version "2.0.2"
  resolved "https://registry.yarnpkg.com/ripemd160/-/ripemd160-2.0.2.tgz#a1c1a6f624751577ba5d07914cbc92850585890c"
  integrity sha512-ii4iagi25WusVoiC4B4lq7pbXfAp3D9v5CwfkY33vffw2+pkDjY1D8GaN7spsxvCSx8dkPqOZCEZyfxcmJG2IA==
  dependencies:
    hash-base "^3.0.0"
    inherits "^2.0.1"

safe-buffer@^5.0.1, safe-buffer@^5.1.0, safe-buffer@^5.1.2, safe-buffer@^5.2.0, safe-buffer@~5.2.0:
  version "5.2.1"
  resolved "https://registry.yarnpkg.com/safe-buffer/-/safe-buffer-5.2.1.tgz#1eaf9fa9bdb1fdd4ec75f58f9cdb4e6b7827eec6"
  integrity sha512-rp3So07KcdmmKbGvgaNxQSJr7bGVSVk5S9Eq1F+ppbRo70+YeaDxkw5Dd8NPN+GD6bjnYm2VuPuCXmpuYvmCXQ==

setimmediate@^1.0.5:
  version "1.0.5"
  resolved "https://registry.yarnpkg.com/setimmediate/-/setimmediate-1.0.5.tgz#290cbb232e306942d7d7ea9b83732ab7856f8285"
  integrity sha1-KQy7Iy4waULX1+qbg3Mqt4VvgoU=

sha.js@^2.4.0, sha.js@^2.4.8:
  version "2.4.11"
  resolved "https://registry.yarnpkg.com/sha.js/-/sha.js-2.4.11.tgz#37a5cf0b81ecbc6943de109ba2960d1b26584ae7"
  integrity sha512-QMEp5B7cftE7APOjk5Y6xgrbWu+WkLVQwk8JNjZ8nKRciZaByEW6MubieAiToS7+dwvrjGhH8jRXz3MVd0AYqQ==
  dependencies:
    inherits "^2.0.1"
    safe-buffer "^5.0.1"

sha256-universal@^1.1.0:
  version "1.2.1"
  resolved "https://registry.yarnpkg.com/sha256-universal/-/sha256-universal-1.2.1.tgz#051d92decce280cd6137d42d496eac88da942c0e"
  integrity sha512-ghn3muhdn1ailCQqqceNxRgkOeZSVfSE13RQWEg6njB+itsFzGVSJv+O//2hvNXZuxVIRyNzrgsZ37SPDdGJJw==
  dependencies:
    b4a "^1.0.1"
    sha256-wasm "^2.2.1"

sha256-wasm@^2.2.1:
  version "2.2.2"
  resolved "https://registry.yarnpkg.com/sha256-wasm/-/sha256-wasm-2.2.2.tgz#4940b6c9ba28f3f08b700efce587ef36d4d516d4"
  integrity sha512-qKSGARvao+JQlFiA+sjJZhJ/61gmW/3aNLblB2rsgIxDlDxsJPHo8a1seXj12oKtuHVgJSJJ7QEGBUYQN741lQ==
  dependencies:
    b4a "^1.0.1"
    nanoassert "^2.0.0"

sha512-universal@^1.1.0:
  version "1.2.1"
  resolved "https://registry.yarnpkg.com/sha512-universal/-/sha512-universal-1.2.1.tgz#829505a7586530515cc1a10b78815c99722c4df0"
  integrity sha512-kehYuigMoRkIngCv7rhgruLJNNHDnitGTBdkcYbCbooL8Cidj/bS78MDxByIjcc69M915WxcQTgZetZ1JbeQTQ==
  dependencies:
    b4a "^1.0.1"
    sha512-wasm "^2.3.1"

sha512-wasm@^2.3.1:
  version "2.3.3"
  resolved "https://registry.yarnpkg.com/sha512-wasm/-/sha512-wasm-2.3.3.tgz#d3fc5d02af87eedb8815e7dad76ee247fec26c9b"
  integrity sha512-x8McxarTu+Wv5hu5TQE4qgSSGQ3JOX/OmkhLGVty+ajcEN6zLPqTS6Ljt/N6Gl2jI+3y0wjj+RxDxy8Ca9Krfw==
  dependencies:
    b4a "^1.0.1"
    nanoassert "^2.0.0"

siphash24@^1.0.1:
  version "1.3.0"
  resolved "https://registry.yarnpkg.com/siphash24/-/siphash24-1.3.0.tgz#ad5187cce49c0c3a2537a39a3242b06839df270e"
  integrity sha512-2HvNPUYcmoFks2IX2wI5D80NspdlgSJlCmPencbBMWhrZnNW3sgiC7owaB2Jj/9IiV9bdN2A00LaM8IcojB8rw==
  dependencies:
    nanoassert "^2.0.0"

sodium-javascript@~0.7.2:
  version "0.7.4"
  resolved "https://registry.yarnpkg.com/sodium-javascript/-/sodium-javascript-0.7.4.tgz#95948d1f47c673aeea9a57d7c525dead1d9cda44"
  integrity sha512-YUkucU81C0SUYzxcFFLOupOj89BlKA8MU8iTc7vTtd9hwgM/Awxwzz3tuoLGLHhnMxotUBB7Xl0rBeSoIn2yGQ==
  dependencies:
    blake2b "^2.1.1"
    chacha20-universal "^1.0.4"
    nanoassert "^2.0.0"
    sha256-universal "^1.1.0"
    sha512-universal "^1.1.0"
    siphash24 "^1.0.1"
    xsalsa20 "^1.0.0"

sodium-native@^3.2.0:
  version "3.3.0"
  resolved "https://registry.yarnpkg.com/sodium-native/-/sodium-native-3.3.0.tgz#50ee52ac843315866cce3d0c08ab03eb78f22361"
  integrity sha512-rg6lCDM/qa3p07YGqaVD+ciAbUqm6SoO4xmlcfkbU5r1zIGrguXztLiEtaLYTV5U6k8KSIUFmnU3yQUSKmf6DA==
  dependencies:
    node-gyp-build "^4.3.0"

sodium-universal@^3.0.0:
  version "3.0.4"
  resolved "https://registry.yarnpkg.com/sodium-universal/-/sodium-universal-3.0.4.tgz#93e08eb9fcef05d26dddd9215bf0c770b6c87b7b"
  integrity sha512-WnBQ0GDo/82shKQHZBZT9h4q4miCtxkbzcwVLsCBPWNq4qbq8BXhKICt9nPwQAsJ43ct/rF61FKu4t0druUBug==
  dependencies:
    blake2b "^2.1.1"
    chacha20-universal "^1.0.4"
    nanoassert "^2.0.0"
    resolve "^1.17.0"
    sha256-universal "^1.1.0"
    sha512-universal "^1.1.0"
    siphash24 "^1.0.1"
    sodium-javascript "~0.7.2"
    sodium-native "^3.2.0"
    xsalsa20 "^1.0.0"

string-hash@~1.1.3:
  version "1.1.3"
  resolved "https://registry.yarnpkg.com/string-hash/-/string-hash-1.1.3.tgz#e8aafc0ac1855b4666929ed7dd1275df5d6c811b"
  integrity sha1-6Kr8CsGFW0Zmkp7X3RJ1311sgRs=

string_decoder@^1.1.1:
  version "1.3.0"
  resolved "https://registry.yarnpkg.com/string_decoder/-/string_decoder-1.3.0.tgz#42f114594a46cf1a8e30b0a84f56c78c3edac21e"
  integrity sha512-hkRX8U1WjJFd8LsDJ2yQ/wWWxaopEsABU1XfkM8A+j0+85JAGppt16cr1Whg6KIbb4okU6Mql6BOj+uup/wKeA==
  dependencies:
    safe-buffer "~5.2.0"

stylis@4.0.13:
  version "4.0.13"
  resolved "https://registry.yarnpkg.com/stylis/-/stylis-4.0.13.tgz#f5db332e376d13cc84ecfe5dace9a2a51d954c91"
  integrity sha512-xGPXiFVl4YED9Jh7Euv2V220mriG9u4B2TA6Ybjc1catrstKD2PpIdU3U0RKpkVBC2EhmL/F0sPCr9vrFTNRag==

toggle-selection@^1.0.6:
  version "1.0.6"
  resolved "https://registry.yarnpkg.com/toggle-selection/-/toggle-selection-1.0.6.tgz#6e45b1263f2017fa0acc7d89d78b15b8bf77da32"
  integrity sha1-bkWxJj8gF/oKzH2J14sVuL932jI=

ts-essentials@^2.0.3:
  version "2.0.12"
  resolved "https://registry.yarnpkg.com/ts-essentials/-/ts-essentials-2.0.12.tgz#c9303f3d74f75fa7528c3d49b80e089ab09d8745"
  integrity sha512-3IVX4nI6B5cc31/GFFE+i8ey/N2eA0CZDbo6n0yrz0zDX8ZJ8djmU1p+XRz7G3is0F3bB3pu2pAroFdAWQKU3w==

typescript@^4.5.4:
  version "4.5.4"
  resolved "https://registry.yarnpkg.com/typescript/-/typescript-4.5.4.tgz#a17d3a0263bf5c8723b9c52f43c5084edf13c2e8"
  integrity sha512-VgYs2A2QIRuGphtzFV7aQJduJ2gyfTljngLzjpfW9FoYZF6xuw1W0vW9ghCKLfcWrCFxK81CSGRAvS1pn4fIUg==

ua-parser-js@^0.7.30:
  version "0.7.31"
  resolved "https://registry.yarnpkg.com/ua-parser-js/-/ua-parser-js-0.7.31.tgz#649a656b191dffab4f21d5e053e27ca17cbff5c6"
  integrity sha512-qLK/Xe9E2uzmYI3qLeOmI0tEOt+TBBQyUIAh4aAgU05FVYzeZrKUdkAZfBNVGRaHVgV0TDkdEngJSw/SyQchkQ==

uint64be@^3.0.0:
  version "3.0.0"
  resolved "https://registry.yarnpkg.com/uint64be/-/uint64be-3.0.0.tgz#2e9037689817b3714fb86034e05c25f5c3141604"
  integrity sha512-mliiCSrsE29aNBI7O9W5gGv6WmA9kBR8PtTt6Apaxns076IRdYrrtFhXHEWMj5CSum3U7cv7/pi4xmi4XsIOqg==

url-join@^4.0.1:
  version "4.0.1"
  resolved "https://registry.yarnpkg.com/url-join/-/url-join-4.0.1.tgz#b642e21a2646808ffa178c4c5fda39844e12cde7"
  integrity sha512-jk1+QP6ZJqyOiuEI9AEWQfju/nB2Pw466kbA0LEZljHwKeMgd9WrAEgEGxjPDD2+TNbbb37rTyhEfrCXfuKXnA==

use-composed-ref@^1.0.0:
  version "1.1.0"
  resolved "https://registry.yarnpkg.com/use-composed-ref/-/use-composed-ref-1.1.0.tgz#9220e4e94a97b7b02d7d27eaeab0b37034438bbc"
  integrity sha512-my1lNHGWsSDAhhVAT4MKs6IjBUtG6ZG11uUqexPH9PptiIZDQOzaF4f5tEbJ2+7qvNbtXNBbU3SfmN+fXlWDhg==
  dependencies:
    ts-essentials "^2.0.3"

use-isomorphic-layout-effect@^1.0.0:
  version "1.1.1"
  resolved "https://registry.yarnpkg.com/use-isomorphic-layout-effect/-/use-isomorphic-layout-effect-1.1.1.tgz#7bb6589170cd2987a152042f9084f9effb75c225"
  integrity sha512-L7Evj8FGcwo/wpbv/qvSfrkHFtOpCzvM5yl2KVyDJoylVuSvzphiiasmjgQPttIGBAy2WKiBNR98q8w7PiNgKQ==

use-latest@^1.0.0:
  version "1.2.0"
  resolved "https://registry.yarnpkg.com/use-latest/-/use-latest-1.2.0.tgz#a44f6572b8288e0972ec411bdd0840ada366f232"
  integrity sha512-d2TEuG6nSLKQLAfW3By8mKr8HurOlTkul0sOpxbClIv4SQ4iOd7BYr7VIzdbktUCnv7dua/60xzd8igMU6jmyw==
  dependencies:
    use-isomorphic-layout-effect "^1.0.0"

util-deprecate@^1.0.1:
  version "1.0.2"
  resolved "https://registry.yarnpkg.com/util-deprecate/-/util-deprecate-1.0.2.tgz#450d4dc9fa70de732762fbd2d4a28981419a0ccf"
  integrity sha1-RQ1Nyfpw3nMnYvvS1KKJgUGaDM8=

xsalsa20@^1.0.0:
  version "1.2.0"
  resolved "https://registry.yarnpkg.com/xsalsa20/-/xsalsa20-1.2.0.tgz#e5a05cb26f8cef723f94a559102ed50c1b44c25c"
  integrity sha512-FIr/DEeoHfj7ftfylnoFt3rAIRoWXpx2AoDfrT2qD2wtp7Dp+COajvs/Icb7uHqRW9m60f5iXZwdsJJO3kvb7w==
